// !$*UTF8*$!
{
	archiveVersion = 1;
	classes = {
	};
	objectVersion = 56;
	objects = {

/* Begin PBXBuildFile section */
		BECCDA34F6181D8AC37854AF /* Pods_MenuApp.framework in Frameworks */ = {isa = PBXBuildFile; fileRef = A35DB1E9461F427D6BC80BD3 /* Pods_MenuApp.framework */; };
		FA2B90252A3240DC00ECC1C1 /* StoregManager.swift in Sources */ = {isa = PBXBuildFile; fileRef = FA2B90242A3240DC00ECC1C1 /* StoregManager.swift */; };
		FA40B2DC2A3369DB00823B64 /* SegmentCustom.swift in Sources */ = {isa = PBXBuildFile; fileRef = FA40B2DB2A3369DB00823B64 /* SegmentCustom.swift */; };
		FA40B2DE2A337C6100823B64 /* UIViewController+Ext.swift in Sources */ = {isa = PBXBuildFile; fileRef = FA40B2DD2A337C6100823B64 /* UIViewController+Ext.swift */; };
		FA49BBD72A399808007E562B /* CustomStars.swift in Sources */ = {isa = PBXBuildFile; fileRef = FA49BBD62A399808007E562B /* CustomStars.swift */; };
		FA49BBDA2A39BA0A007E562B /* MapViewController.swift in Sources */ = {isa = PBXBuildFile; fileRef = FA49BBD92A39BA0A007E562B /* MapViewController.swift */; };
		FACF287E2A389915009EAAC1 /* RatingControl.swift in Sources */ = {isa = PBXBuildFile; fileRef = FACF287D2A389915009EAAC1 /* RatingControl.swift */; };
		FAF472812A30657100824AFB /* AppDelegate.swift in Sources */ = {isa = PBXBuildFile; fileRef = FAF472802A30657100824AFB /* AppDelegate.swift */; };
		FAF472832A30657100824AFB /* SceneDelegate.swift in Sources */ = {isa = PBXBuildFile; fileRef = FAF472822A30657100824AFB /* SceneDelegate.swift */; };
		FAF472852A30657100824AFB /* MainViewController.swift in Sources */ = {isa = PBXBuildFile; fileRef = FAF472842A30657100824AFB /* MainViewController.swift */; };
		FAF4728A2A30657300824AFB /* Assets.xcassets in Resources */ = {isa = PBXBuildFile; fileRef = FAF472892A30657300824AFB /* Assets.xcassets */; };
		FAF4728D2A30657300824AFB /* LaunchScreen.storyboard in Resources */ = {isa = PBXBuildFile; fileRef = FAF4728B2A30657300824AFB /* LaunchScreen.storyboard */; };
		FAF472962A306C9E00824AFB /* MainTableViewCell.swift in Sources */ = {isa = PBXBuildFile; fileRef = FAF472952A306C9E00824AFB /* MainTableViewCell.swift */; };
		FAF472982A30CB0100824AFB /* StackView+Ext.swift in Sources */ = {isa = PBXBuildFile; fileRef = FAF472972A30CB0100824AFB /* StackView+Ext.swift */; };
		FAF4729A2A30CB0800824AFB /* UILabel + Ext.swift in Sources */ = {isa = PBXBuildFile; fileRef = FAF472992A30CB0800824AFB /* UILabel + Ext.swift */; };
		FAF4729D2A30D47E00824AFB /* ModelMain.swift in Sources */ = {isa = PBXBuildFile; fileRef = FAF4729C2A30D47E00824AFB /* ModelMain.swift */; };
		FAF472A32A30DBFC00824AFB /* PlaceViewController.swift in Sources */ = {isa = PBXBuildFile; fileRef = FAF472A22A30DBFC00824AFB /* PlaceViewController.swift */; };
		FAF472A62A30DF9500824AFB /* CustomTextFeildView.swift in Sources */ = {isa = PBXBuildFile; fileRef = FAF472A52A30DF9500824AFB /* CustomTextFeildView.swift */; };
/* End PBXBuildFile section */

/* Begin PBXFileReference section */
		4B9C0C7CE9573EEC47805886 /* Pods-MenuApp.release.xcconfig */ = {isa = PBXFileReference; includeInIndex = 1; lastKnownFileType = text.xcconfig; name = "Pods-MenuApp.release.xcconfig"; path = "Target Support Files/Pods-MenuApp/Pods-MenuApp.release.xcconfig"; sourceTree = "<group>"; };
		A35DB1E9461F427D6BC80BD3 /* Pods_MenuApp.framework */ = {isa = PBXFileReference; explicitFileType = wrapper.framework; includeInIndex = 0; path = Pods_MenuApp.framework; sourceTree = BUILT_PRODUCTS_DIR; };
		E05EC31D5E14E864C137BEBD /* Pods-MenuApp.debug.xcconfig */ = {isa = PBXFileReference; includeInIndex = 1; lastKnownFileType = text.xcconfig; name = "Pods-MenuApp.debug.xcconfig"; path = "Target Support Files/Pods-MenuApp/Pods-MenuApp.debug.xcconfig"; sourceTree = "<group>"; };
		FA2B90242A3240DC00ECC1C1 /* StoregManager.swift */ = {isa = PBXFileReference; lastKnownFileType = sourcecode.swift; path = StoregManager.swift; sourceTree = "<group>"; };
		FA40B2DB2A3369DB00823B64 /* SegmentCustom.swift */ = {isa = PBXFileReference; fileEncoding = 4; lastKnownFileType = sourcecode.swift; path = SegmentCustom.swift; sourceTree = "<group>"; };
		FA40B2DD2A337C6100823B64 /* UIViewController+Ext.swift */ = {isa = PBXFileReference; fileEncoding = 4; lastKnownFileType = sourcecode.swift; path = "UIViewController+Ext.swift"; sourceTree = "<group>"; };
		FA49BBD62A399808007E562B /* CustomStars.swift */ = {isa = PBXFileReference; lastKnownFileType = sourcecode.swift; path = CustomStars.swift; sourceTree = "<group>"; };
		FA49BBD92A39BA0A007E562B /* MapViewController.swift */ = {isa = PBXFileReference; lastKnownFileType = sourcecode.swift; path = MapViewController.swift; sourceTree = "<group>"; };
		FACF287D2A389915009EAAC1 /* RatingControl.swift */ = {isa = PBXFileReference; lastKnownFileType = sourcecode.swift; path = RatingControl.swift; sourceTree = "<group>"; };
		FAF4727D2A30657100824AFB /* MenuApp.app */ = {isa = PBXFileReference; explicitFileType = wrapper.application; includeInIndex = 0; path = MenuApp.app; sourceTree = BUILT_PRODUCTS_DIR; };
		FAF472802A30657100824AFB /* AppDelegate.swift */ = {isa = PBXFileReference; lastKnownFileType = sourcecode.swift; path = AppDelegate.swift; sourceTree = "<group>"; };
		FAF472822A30657100824AFB /* SceneDelegate.swift */ = {isa = PBXFileReference; lastKnownFileType = sourcecode.swift; path = SceneDelegate.swift; sourceTree = "<group>"; };
		FAF472842A30657100824AFB /* MainViewController.swift */ = {isa = PBXFileReference; lastKnownFileType = sourcecode.swift; path = MainViewController.swift; sourceTree = "<group>"; };
		FAF472892A30657300824AFB /* Assets.xcassets */ = {isa = PBXFileReference; lastKnownFileType = folder.assetcatalog; path = Assets.xcassets; sourceTree = "<group>"; };
		FAF4728C2A30657300824AFB /* Base */ = {isa = PBXFileReference; lastKnownFileType = file.storyboard; name = Base; path = Base.lproj/LaunchScreen.storyboard; sourceTree = "<group>"; };
		FAF4728E2A30657300824AFB /* Info.plist */ = {isa = PBXFileReference; lastKnownFileType = text.plist.xml; path = Info.plist; sourceTree = "<group>"; };
		FAF472952A306C9E00824AFB /* MainTableViewCell.swift */ = {isa = PBXFileReference; lastKnownFileType = sourcecode.swift; path = MainTableViewCell.swift; sourceTree = "<group>"; };
		FAF472972A30CB0100824AFB /* StackView+Ext.swift */ = {isa = PBXFileReference; fileEncoding = 4; lastKnownFileType = sourcecode.swift; path = "StackView+Ext.swift"; sourceTree = "<group>"; };
		FAF472992A30CB0800824AFB /* UILabel + Ext.swift */ = {isa = PBXFileReference; fileEncoding = 4; lastKnownFileType = sourcecode.swift; path = "UILabel + Ext.swift"; sourceTree = "<group>"; };
		FAF4729C2A30D47E00824AFB /* ModelMain.swift */ = {isa = PBXFileReference; lastKnownFileType = sourcecode.swift; path = ModelMain.swift; sourceTree = "<group>"; };
		FAF472A22A30DBFC00824AFB /* PlaceViewController.swift */ = {isa = PBXFileReference; lastKnownFileType = sourcecode.swift; path = PlaceViewController.swift; sourceTree = "<group>"; };
		FAF472A52A30DF9500824AFB /* CustomTextFeildView.swift */ = {isa = PBXFileReference; lastKnownFileType = sourcecode.swift; path = CustomTextFeildView.swift; sourceTree = "<group>"; };
/* End PBXFileReference section */

/* Begin PBXFrameworksBuildPhase section */
		FAF4727A2A30657100824AFB /* Frameworks */ = {
			isa = PBXFrameworksBuildPhase;
			buildActionMask = 2147483647;
			files = (
				BECCDA34F6181D8AC37854AF /* Pods_MenuApp.framework in Frameworks */,
			);
			runOnlyForDeploymentPostprocessing = 0;
		};
/* End PBXFrameworksBuildPhase section */

/* Begin PBXGroup section */
		CD0E73666295147B0F3957CB /* Frameworks */ = {
			isa = PBXGroup;
			children = (
				A35DB1E9461F427D6BC80BD3 /* Pods_MenuApp.framework */,
			);
			name = Frameworks;
			sourceTree = "<group>";
		};
		E6C37FE38E748A96A4C3D0CD /* Pods */ = {
			isa = PBXGroup;
			children = (
				E05EC31D5E14E864C137BEBD /* Pods-MenuApp.debug.xcconfig */,
				4B9C0C7CE9573EEC47805886 /* Pods-MenuApp.release.xcconfig */,
			);
			path = Pods;
			sourceTree = "<group>";
		};
		FA49BBD82A39B9F0007E562B /* MapKit */ = {
			isa = PBXGroup;
			children = (
				FA49BBD92A39BA0A007E562B /* MapViewController.swift */,
			);
			path = MapKit;
			sourceTree = "<group>";
		};
		FAE445682A40BDD000167493 /* Extensions */ = {
			isa = PBXGroup;
			children = (
				FA40B2DB2A3369DB00823B64 /* SegmentCustom.swift */,
				FA40B2DD2A337C6100823B64 /* UIViewController+Ext.swift */,
				FAF472972A30CB0100824AFB /* StackView+Ext.swift */,
				FAF472992A30CB0800824AFB /* UILabel + Ext.swift */,
			);
			path = Extensions;
			sourceTree = "<group>";
		};
		FAE445692A40BE7500167493 /* Support */ = {
			isa = PBXGroup;
			children = (
				FAF472802A30657100824AFB /* AppDelegate.swift */,
				FAF472822A30657100824AFB /* SceneDelegate.swift */,
				FAF472892A30657300824AFB /* Assets.xcassets */,
				FAF4728B2A30657300824AFB /* LaunchScreen.storyboard */,
			);
			name = Support;
			path = ..;
			sourceTree = "<group>";
		};
		FAE4456A2A40C2D700167493 /* RealmManager */ = {
			isa = PBXGroup;
			children = (
				FA2B90242A3240DC00ECC1C1 /* StoregManager.swift */,
			);
			path = RealmManager;
			sourceTree = "<group>";
		};
		FAF472742A30657100824AFB = {
			isa = PBXGroup;
			children = (
				FAF4727F2A30657100824AFB /* MenuApp */,
				FAF4727E2A30657100824AFB /* Products */,
				E6C37FE38E748A96A4C3D0CD /* Pods */,
				CD0E73666295147B0F3957CB /* Frameworks */,
			);
			sourceTree = "<group>";
		};
		FAF4727E2A30657100824AFB /* Products */ = {
			isa = PBXGroup;
			children = (
				FAF4727D2A30657100824AFB /* MenuApp.app */,
			);
			name = Products;
			sourceTree = "<group>";
		};
		FAF4727F2A30657100824AFB /* MenuApp */ = {
			isa = PBXGroup;
			children = (
				FA49BBD82A39B9F0007E562B /* MapKit */,
				FAE4456A2A40C2D700167493 /* RealmManager */,
				FAF472A02A30DBC500824AFB /* Place */,
				FAF472942A306C7E00824AFB /* Main */,
				FAE445692A40BE7500167493 /* Support */,
				FAE445682A40BDD000167493 /* Extensions */,
				FAF4728E2A30657300824AFB /* Info.plist */,
			);
			path = MenuApp;
			sourceTree = "<group>";
		};
		FAF472942A306C7E00824AFB /* Main */ = {
			isa = PBXGroup;
			children = (
				FAF4729F2A30DBB200824AFB /* View */,
				FAF4729B2A30D46300824AFB /* Model */,
				FAF4729E2A30DB8700824AFB /* Controller */,
			);
			path = Main;
			sourceTree = "<group>";
		};
		FAF4729B2A30D46300824AFB /* Model */ = {
			isa = PBXGroup;
			children = (
				FAF4729C2A30D47E00824AFB /* ModelMain.swift */,
			);
			path = Model;
			sourceTree = "<group>";
		};
		FAF4729E2A30DB8700824AFB /* Controller */ = {
			isa = PBXGroup;
			children = (
				FAF472842A30657100824AFB /* MainViewController.swift */,
				FAF472952A306C9E00824AFB /* MainTableViewCell.swift */,
			);
			name = Controller;
			sourceTree = "<group>";
		};
		FAF4729F2A30DBB200824AFB /* View */ = {
			isa = PBXGroup;
			children = (
				FA49BBD62A399808007E562B /* CustomStars.swift */,
			);
			path = View;
			sourceTree = "<group>";
		};
		FAF472A02A30DBC500824AFB /* Place */ = {
			isa = PBXGroup;
			children = (
				FAF472A42A30DF7000824AFB /* View */,
				FAF472A12A30DBE500824AFB /* Controller */,
			);
			path = Place;
			sourceTree = "<group>";
		};
		FAF472A12A30DBE500824AFB /* Controller */ = {
			isa = PBXGroup;
			children = (
				FAF472A22A30DBFC00824AFB /* PlaceViewController.swift */,
			);
			path = Controller;
			sourceTree = "<group>";
		};
		FAF472A42A30DF7000824AFB /* View */ = {
			isa = PBXGroup;
			children = (
				FACF287D2A389915009EAAC1 /* RatingControl.swift */,
				FAF472A52A30DF9500824AFB /* CustomTextFeildView.swift */,
			);
			path = View;
			sourceTree = "<group>";
		};
/* End PBXGroup section */

/* Begin PBXNativeTarget section */
		FAF4727C2A30657100824AFB /* MenuApp */ = {
			isa = PBXNativeTarget;
			buildConfigurationList = FAF472912A30657300824AFB /* Build configuration list for PBXNativeTarget "MenuApp" */;
			buildPhases = (
				14015F1DCB84CE3565BFEE37 /* [CP] Check Pods Manifest.lock */,
				FAF472792A30657100824AFB /* Sources */,
				FAF4727A2A30657100824AFB /* Frameworks */,
				FAF4727B2A30657100824AFB /* Resources */,
				657CCB6043F7BF02CA98767F /* [CP] Embed Pods Frameworks */,
			);
			buildRules = (
			);
			dependencies = (
			);
			name = MenuApp;
			productName = MenuApp;
			productReference = FAF4727D2A30657100824AFB /* MenuApp.app */;
			productType = "com.apple.product-type.application";
		};
/* End PBXNativeTarget section */

/* Begin PBXProject section */
		FAF472752A30657100824AFB /* Project object */ = {
			isa = PBXProject;
			attributes = {
				BuildIndependentTargetsInParallel = 1;
				LastSwiftUpdateCheck = 1420;
				LastUpgradeCheck = 1420;
				TargetAttributes = {
					FAF4727C2A30657100824AFB = {
						CreatedOnToolsVersion = 14.2;
					};
				};
			};
			buildConfigurationList = FAF472782A30657100824AFB /* Build configuration list for PBXProject "MenuApp" */;
			compatibilityVersion = "Xcode 14.0";
			developmentRegion = en;
			hasScannedForEncodings = 0;
			knownRegions = (
				en,
				Base,
			);
			mainGroup = FAF472742A30657100824AFB;
			productRefGroup = FAF4727E2A30657100824AFB /* Products */;
			projectDirPath = "";
			projectRoot = "";
			targets = (
				FAF4727C2A30657100824AFB /* MenuApp */,
			);
		};
/* End PBXProject section */

/* Begin PBXResourcesBuildPhase section */
		FAF4727B2A30657100824AFB /* Resources */ = {
			isa = PBXResourcesBuildPhase;
			buildActionMask = 2147483647;
			files = (
				FAF4728D2A30657300824AFB /* LaunchScreen.storyboard in Resources */,
				FAF4728A2A30657300824AFB /* Assets.xcassets in Resources */,
			);
			runOnlyForDeploymentPostprocessing = 0;
		};
/* End PBXResourcesBuildPhase section */

/* Begin PBXShellScriptBuildPhase section */
		14015F1DCB84CE3565BFEE37 /* [CP] Check Pods Manifest.lock */ = {
			isa = PBXShellScriptBuildPhase;
			buildActionMask = 2147483647;
			files = (
			);
			inputFileListPaths = (
			);
			inputPaths = (
				"${PODS_PODFILE_DIR_PATH}/Podfile.lock",
				"${PODS_ROOT}/Manifest.lock",
			);
			name = "[CP] Check Pods Manifest.lock";
			outputFileListPaths = (
			);
			outputPaths = (
				"$(DERIVED_FILE_DIR)/Pods-MenuApp-checkManifestLockResult.txt",
			);
			runOnlyForDeploymentPostprocessing = 0;
			shellPath = /bin/sh;
			shellScript = "diff \"${PODS_PODFILE_DIR_PATH}/Podfile.lock\" \"${PODS_ROOT}/Manifest.lock\" > /dev/null\nif [ $? != 0 ] ; then\n    # print error to STDERR\n    echo \"error: The sandbox is not in sync with the Podfile.lock. Run 'pod install' or update your CocoaPods installation.\" >&2\n    exit 1\nfi\n# This output is used by Xcode 'outputs' to avoid re-running this script phase.\necho \"SUCCESS\" > \"${SCRIPT_OUTPUT_FILE_0}\"\n";
			showEnvVarsInLog = 0;
		};
		657CCB6043F7BF02CA98767F /* [CP] Embed Pods Frameworks */ = {
			isa = PBXShellScriptBuildPhase;
			buildActionMask = 2147483647;
			files = (
			);
			inputFileListPaths = (
				"${PODS_ROOT}/Target Support Files/Pods-MenuApp/Pods-MenuApp-frameworks-${CONFIGURATION}-input-files.xcfilelist",
			);
			name = "[CP] Embed Pods Frameworks";
			outputFileListPaths = (
				"${PODS_ROOT}/Target Support Files/Pods-MenuApp/Pods-MenuApp-frameworks-${CONFIGURATION}-output-files.xcfilelist",
			);
			runOnlyForDeploymentPostprocessing = 0;
			shellPath = /bin/sh;
			shellScript = "\"${PODS_ROOT}/Target Support Files/Pods-MenuApp/Pods-MenuApp-frameworks.sh\"\n";
			showEnvVarsInLog = 0;
		};
/* End PBXShellScriptBuildPhase section */

/* Begin PBXSourcesBuildPhase section */
		FAF472792A30657100824AFB /* Sources */ = {
			isa = PBXSourcesBuildPhase;
			buildActionMask = 2147483647;
			files = (
				FA2B90252A3240DC00ECC1C1 /* StoregManager.swift in Sources */,
				FAF472A32A30DBFC00824AFB /* PlaceViewController.swift in Sources */,
				FA49BBD72A399808007E562B /* CustomStars.swift in Sources */,
				FA40B2DE2A337C6100823B64 /* UIViewController+Ext.swift in Sources */,
				FAF4729A2A30CB0800824AFB /* UILabel + Ext.swift in Sources */,
				FAF4729D2A30D47E00824AFB /* ModelMain.swift in Sources */,
				FA40B2DC2A3369DB00823B64 /* SegmentCustom.swift in Sources */,
				FAF472852A30657100824AFB /* MainViewController.swift in Sources */,
				FAF472982A30CB0100824AFB /* StackView+Ext.swift in Sources */,
				FAF472812A30657100824AFB /* AppDelegate.swift in Sources */,
				FAF472962A306C9E00824AFB /* MainTableViewCell.swift in Sources */,
				FACF287E2A389915009EAAC1 /* RatingControl.swift in Sources */,
				FAF472832A30657100824AFB /* SceneDelegate.swift in Sources */,
				FA49BBDA2A39BA0A007E562B /* MapViewController.swift in Sources */,
				FAF472A62A30DF9500824AFB /* CustomTextFeildView.swift in Sources */,
			);
			runOnlyForDeploymentPostprocessing = 0;
		};
/* End PBXSourcesBuildPhase section */

/* Begin PBXVariantGroup section */
		FAF4728B2A30657300824AFB /* LaunchScreen.storyboard */ = {
			isa = PBXVariantGroup;
			children = (
				FAF4728C2A30657300824AFB /* Base */,
			);
			name = LaunchScreen.storyboard;
			sourceTree = "<group>";
		};
/* End PBXVariantGroup section */

/* Begin XCBuildConfiguration section */
		FAF4728F2A30657300824AFB /* Debug */ = {
			isa = XCBuildConfiguration;
			buildSettings = {
				ALWAYS_SEARCH_USER_PATHS = NO;
				CLANG_ANALYZER_NONNULL = YES;
				CLANG_ANALYZER_NUMBER_OBJECT_CONVERSION = YES_AGGRESSIVE;
				CLANG_CXX_LANGUAGE_STANDARD = "gnu++20";
				CLANG_ENABLE_MODULES = YES;
				CLANG_ENABLE_OBJC_ARC = YES;
				CLANG_ENABLE_OBJC_WEAK = YES;
				CLANG_WARN_BLOCK_CAPTURE_AUTORELEASING = YES;
				CLANG_WARN_BOOL_CONVERSION = YES;
				CLANG_WARN_COMMA = YES;
				CLANG_WARN_CONSTANT_CONVERSION = YES;
				CLANG_WARN_DEPRECATED_OBJC_IMPLEMENTATIONS = YES;
				CLANG_WARN_DIRECT_OBJC_ISA_USAGE = YES_ERROR;
				CLANG_WARN_DOCUMENTATION_COMMENTS = YES;
				CLANG_WARN_EMPTY_BODY = YES;
				CLANG_WARN_ENUM_CONVERSION = YES;
				CLANG_WARN_INFINITE_RECURSION = YES;
				CLANG_WARN_INT_CONVERSION = YES;
				CLANG_WARN_NON_LITERAL_NULL_CONVERSION = YES;
				CLANG_WARN_OBJC_IMPLICIT_RETAIN_SELF = YES;
				CLANG_WARN_OBJC_LITERAL_CONVERSION = YES;
				CLANG_WARN_OBJC_ROOT_CLASS = YES_ERROR;
				CLANG_WARN_QUOTED_INCLUDE_IN_FRAMEWORK_HEADER = YES;
				CLANG_WARN_RANGE_LOOP_ANALYSIS = YES;
				CLANG_WARN_STRICT_PROTOTYPES = YES;
				CLANG_WARN_SUSPICIOUS_MOVE = YES;
				CLANG_WARN_UNGUARDED_AVAILABILITY = YES_AGGRESSIVE;
				CLANG_WARN_UNREACHABLE_CODE = YES;
				CLANG_WARN__DUPLICATE_METHOD_MATCH = YES;
				COPY_PHASE_STRIP = NO;
				DEBUG_INFORMATION_FORMAT = dwarf;
				ENABLE_STRICT_OBJC_MSGSEND = YES;
				ENABLE_TESTABILITY = YES;
				GCC_C_LANGUAGE_STANDARD = gnu11;
				GCC_DYNAMIC_NO_PIC = NO;
				GCC_NO_COMMON_BLOCKS = YES;
				GCC_OPTIMIZATION_LEVEL = 0;
				GCC_PREPROCESSOR_DEFINITIONS = (
					"DEBUG=1",
					"$(inherited)",
				);
				GCC_WARN_64_TO_32_BIT_CONVERSION = YES;
				GCC_WARN_ABOUT_RETURN_TYPE = YES_ERROR;
				GCC_WARN_UNDECLARED_SELECTOR = YES;
				GCC_WARN_UNINITIALIZED_AUTOS = YES_AGGRESSIVE;
				GCC_WARN_UNUSED_FUNCTION = YES;
				GCC_WARN_UNUSED_VARIABLE = YES;
				IPHONEOS_DEPLOYMENT_TARGET = 16.2;
				MTL_ENABLE_DEBUG_INFO = INCLUDE_SOURCE;
				MTL_FAST_MATH = YES;
				ONLY_ACTIVE_ARCH = YES;
				SDKROOT = iphoneos;
				SWIFT_ACTIVE_COMPILATION_CONDITIONS = DEBUG;
				SWIFT_OPTIMIZATION_LEVEL = "-Onone";
			};
			name = Debug;
		};
		FAF472902A30657300824AFB /* Release */ = {
			isa = XCBuildConfiguration;
			buildSettings = {
				ALWAYS_SEARCH_USER_PATHS = NO;
				CLANG_ANALYZER_NONNULL = YES;
				CLANG_ANALYZER_NUMBER_OBJECT_CONVERSION = YES_AGGRESSIVE;
				CLANG_CXX_LANGUAGE_STANDARD = "gnu++20";
				CLANG_ENABLE_MODULES = YES;
				CLANG_ENABLE_OBJC_ARC = YES;
				CLANG_ENABLE_OBJC_WEAK = YES;
				CLANG_WARN_BLOCK_CAPTURE_AUTORELEASING = YES;
				CLANG_WARN_BOOL_CONVERSION = YES;
				CLANG_WARN_COMMA = YES;
				CLANG_WARN_CONSTANT_CONVERSION = YES;
				CLANG_WARN_DEPRECATED_OBJC_IMPLEMENTATIONS = YES;
				CLANG_WARN_DIRECT_OBJC_ISA_USAGE = YES_ERROR;
				CLANG_WARN_DOCUMENTATION_COMMENTS = YES;
				CLANG_WARN_EMPTY_BODY = YES;
				CLANG_WARN_ENUM_CONVERSION = YES;
				CLANG_WARN_INFINITE_RECURSION = YES;
				CLANG_WARN_INT_CONVERSION = YES;
				CLANG_WARN_NON_LITERAL_NULL_CONVERSION = YES;
				CLANG_WARN_OBJC_IMPLICIT_RETAIN_SELF = YES;
				CLANG_WARN_OBJC_LITERAL_CONVERSION = YES;
				CLANG_WARN_OBJC_ROOT_CLASS = YES_ERROR;
				CLANG_WARN_QUOTED_INCLUDE_IN_FRAMEWORK_HEADER = YES;
				CLANG_WARN_RANGE_LOOP_ANALYSIS = YES;
				CLANG_WARN_STRICT_PROTOTYPES = YES;
				CLANG_WARN_SUSPICIOUS_MOVE = YES;
				CLANG_WARN_UNGUARDED_AVAILABILITY = YES_AGGRESSIVE;
				CLANG_WARN_UNREACHABLE_CODE = YES;
				CLANG_WARN__DUPLICATE_METHOD_MATCH = YES;
				COPY_PHASE_STRIP = NO;
				DEBUG_INFORMATION_FORMAT = "dwarf-with-dsym";
				ENABLE_NS_ASSERTIONS = NO;
				ENABLE_STRICT_OBJC_MSGSEND = YES;
				GCC_C_LANGUAGE_STANDARD = gnu11;
				GCC_NO_COMMON_BLOCKS = YES;
				GCC_WARN_64_TO_32_BIT_CONVERSION = YES;
				GCC_WARN_ABOUT_RETURN_TYPE = YES_ERROR;
				GCC_WARN_UNDECLARED_SELECTOR = YES;
				GCC_WARN_UNINITIALIZED_AUTOS = YES_AGGRESSIVE;
				GCC_WARN_UNUSED_FUNCTION = YES;
				GCC_WARN_UNUSED_VARIABLE = YES;
				IPHONEOS_DEPLOYMENT_TARGET = 16.2;
				MTL_ENABLE_DEBUG_INFO = NO;
				MTL_FAST_MATH = YES;
				SDKROOT = iphoneos;
				SWIFT_COMPILATION_MODE = wholemodule;
				SWIFT_OPTIMIZATION_LEVEL = "-O";
				VALIDATE_PRODUCT = YES;
			};
			name = Release;
		};
		FAF472922A30657300824AFB /* Debug */ = {
			isa = XCBuildConfiguration;
			baseConfigurationReference = E05EC31D5E14E864C137BEBD /* Pods-MenuApp.debug.xcconfig */;
			buildSettings = {
				ASSETCATALOG_COMPILER_APPICON_NAME = AppIcon;
				ASSETCATALOG_COMPILER_GLOBAL_ACCENT_COLOR_NAME = AccentColor;
				CODE_SIGN_IDENTITY = "Apple Development";
				CODE_SIGN_STYLE = Automatic;
				CURRENT_PROJECT_VERSION = 1;
				DEVELOPMENT_TEAM = "";
				GENERATE_INFOPLIST_FILE = YES;
				INFOPLIST_FILE = MenuApp/Info.plist;
				INFOPLIST_KEY_UIApplicationSupportsIndirectInputEvents = YES;
				INFOPLIST_KEY_UILaunchStoryboardName = LaunchScreen;
				INFOPLIST_KEY_UISupportedInterfaceOrientations_iPad = "UIInterfaceOrientationPortrait UIInterfaceOrientationPortraitUpsideDown UIInterfaceOrientationLandscapeLeft UIInterfaceOrientationLandscapeRight";
				INFOPLIST_KEY_UISupportedInterfaceOrientations_iPhone = "UIInterfaceOrientationPortrait UIInterfaceOrientationLandscapeLeft UIInterfaceOrientationLandscapeRight";
				IPHONEOS_DEPLOYMENT_TARGET = 13.0;
				LD_RUNPATH_SEARCH_PATHS = (
					"$(inherited)",
					"@executable_path/Frameworks",
				);
				MARKETING_VERSION = 1.0;
				PRODUCT_BUNDLE_IDENTIFIER = "Ramazan-Gasratov.MenuApp";
				PRODUCT_NAME = "$(TARGET_NAME)";
				PROVISIONING_PROFILE_SPECIFIER = "";
				SWIFT_EMIT_LOC_STRINGS = YES;
				SWIFT_VERSION = 5.0;
				TARGETED_DEVICE_FAMILY = "1,2";
			};
			name = Debug;
		};
		FAF472932A30657300824AFB /* Release */ = {
			isa = XCBuildConfiguration;
			baseConfigurationReference = 4B9C0C7CE9573EEC47805886 /* Pods-MenuApp.release.xcconfig */;
			buildSettings = {
				ASSETCATALOG_COMPILER_APPICON_NAME = AppIcon;
				ASSETCATALOG_COMPILER_GLOBAL_ACCENT_COLOR_NAME = AccentColor;
				CODE_SIGN_IDENTITY = "Apple Development";
				CODE_SIGN_STYLE = Automatic;
				CURRENT_PROJECT_VERSION = 1;
				DEVELOPMENT_TEAM = "";
				GENERATE_INFOPLIST_FILE = YES;
				INFOPLIST_FILE = MenuApp/Info.plist;
				INFOPLIST_KEY_UIApplicationSupportsIndirectInputEvents = YES;
				INFOPLIST_KEY_UILaunchStoryboardName = LaunchScreen;
				INFOPLIST_KEY_UISupportedInterfaceOrientations_iPad = "UIInterfaceOrientationPortrait UIInterfaceOrientationPortraitUpsideDown UIInterfaceOrientationLandscapeLeft UIInterfaceOrientationLandscapeRight";
				INFOPLIST_KEY_UISupportedInterfaceOrientations_iPhone = "UIInterfaceOrientationPortrait UIInterfaceOrientationLandscapeLeft UIInterfaceOrientationLandscapeRight";
				IPHONEOS_DEPLOYMENT_TARGET = 13.0;
				LD_RUNPATH_SEARCH_PATHS = (
					"$(inherited)",
					"@executable_path/Frameworks",
				);
				MARKETING_VERSION = 1.0;
				PRODUCT_BUNDLE_IDENTIFIER = "Ramazan-Gasratov.MenuApp";
				PRODUCT_NAME = "$(TARGET_NAME)";
				PROVISIONING_PROFILE_SPECIFIER = "";
				SWIFT_EMIT_LOC_STRINGS = YES;
				SWIFT_VERSION = 5.0;
				TARGETED_DEVICE_FAMILY = "1,2";
			};
			name = Release;
		};
/* End XCBuildConfiguration section */

/* Begin XCConfigurationList section */
		FAF472782A30657100824AFB /* Build configuration list for PBXProject "MenuApp" */ = {
			isa = XCConfigurationList;
			buildConfigurations = (
				FAF4728F2A30657300824AFB /* Debug */,
				FAF472902A30657300824AFB /* Release */,
			);
			defaultConfigurationIsVisible = 0;
			defaultConfigurationName = Release;
		};
		FAF472912A30657300824AFB /* Build configuration list for PBXNativeTarget "MenuApp" */ = {
			isa = XCConfigurationList;
			buildConfigurations = (
				FAF472922A30657300824AFB /* Debug */,
				FAF472932A30657300824AFB /* Release */,
			);
			defaultConfigurationIsVisible = 0;
			defaultConfigurationName = Release;
		};
/* End XCConfigurationList section */
	};
	rootObject = FAF472752A30657100824AFB /* Project object */;
}
